version = 1
revision = 3
requires-python = ">=3.12"

[[package]]
name = "cuda-toolkit"
version = "13.2.1"
source = { registry = "https://pypi.org/simple" }
wheels = [
    { url = "https://files.pythonhosted.org/packages/bd/6a/f79c134fa8e6d5fe028584933be063ce7961b1a85ce217f261cdda176e48/cuda_toolkit-13.2.1-py2.py3-none-any.whl", hash = "sha256:646d0e3668ce6f78f2312bb9cc0f668b9cbfcbef187eaa6a39eb2ea6dbec2a31", size = 2612, upload-time = "2026-04-14T01:10:36.163Z" },
]

[package.optional-dependencies]
cccl = [
    { name = "nvidia-cuda-cccl", marker = "(platform_machine == 'aarch64' and sys_platform == 'linux') or (platform_machine == 'x86_64' and sys_platform == 'linux') or (platform_machine == 'AMD64' and sys_platform == 'win32')" },
]
cublas = [
    { name = "nvidia-cublas", marker = "(platform_machine == 'aarch64' and sys_platform == 'linux') or (platform_machine == 'x86_64' and sys_platform == 'linux') or (platform_machine == 'AMD64' and sys_platform == 'win32')" },
    { name = "nvidia-cuda-nvrtc", marker = "(platform_machine == 'aarch64' and sys_platform == 'linux') or (platform_machine == 'x86_64' and sys_platform == 'linux') or (platform_machine == 'AMD64' and sys_platform == 'win32')" },
]
cudart = [
    { name = "nvidia-cuda-runtime", marker = "(platform_machine == 'aarch64' and sys_platform == 'linux') or (platform_machine == 'x86_64' and sys_platform == 'linux') or (platform_machine == 'AMD64' and sys_platform == 'win32')" },
]
curand = [
    { name = "nvidia-curand", marker = "(platform_machine == 'aarch64' and sys_platform == 'linux') or (platform_machine == 'x86_64' and sys_platform == 'linux') or (platform_machine == 'AMD64' and sys_platform == 'win32')" },
]
cusolver = [
    { name = "nvidia-cublas", marker = "(platform_machine == 'aarch64' and sys_platform == 'linux') or (platform_machine == 'x86_64' and sys_platform == 'linux') or (platform_machine == 'AMD64' and sys_platform == 'win32')" },
    { name = "nvidia-cusolver", marker = "(platform_machine == 'aarch64' and sys_platform == 'linux') or (platform_machine == 'x86_64' and sys_platform == 'linux') or (platform_machine == 'AMD64' and sys_platform == 'win32')" },
    { name = "nvidia-cusparse", marker = "(platform_machine == 'aarch64' and sys_platform == 'linux') or (platform_machine == 'x86_64' and sys_platform == 'linux') or (platform_machine == 'AMD64' and sys_platform == 'win32')" },
    { name = "nvidia-nvjitlink", marker = "(platform_machine == 'aarch64' and sys_platform == 'linux') or (platform_machine == 'x86_64' and sys_platform == 'linux') or (platform_machine == 'AMD64' and sys_platform == 'win32')" },
]
cusparse = [
    { name = "nvidia-cusparse", marker = "(platform_machine == 'aarch64' and sys_platform == 'linux') or (platform_machine == 'x86_64' and sys_platform == 'linux') or (platform_machine == 'AMD64' and sys_platform == 'win32')" },
    { name = "nvidia-nvjitlink", marker = "(platform_machine == 'aarch64' and sys_platform == 'linux') or (platform_machine == 'x86_64' and sys_platform == 'linux') or (platform_machine == 'AMD64' and sys_platform == 'win32')" },
]
nvcc = [
    { name = "nvidia-cuda-crt", marker = "(platform_machine == 'aarch64' and sys_platform == 'linux') or (platform_machine == 'x86_64' and sys_platform == 'linux') or (platform_machine == 'AMD64' and sys_platform == 'win32')" },
    { name = "nvidia-cuda-nvcc", marker = "(platform_machine == 'aarch64' and sys_platform == 'linux') or (platform_machine == 'x86_64' and sys_platform == 'linux') or (platform_machine == 'AMD64' and sys_platform == 'win32')" },
    { name = "nvidia-cuda-runtime", marker = "(platform_machine == 'aarch64' and sys_platform == 'linux') or (platform_machine == 'x86_64' and sys_platform == 'linux') or (platform_machine == 'AMD64' and sys_platform == 'win32')" },
    { name = "nvidia-nvvm", marker = "(platform_machine == 'aarch64' and sys_platform == 'linux') or (platform_machine == 'x86_64' and sys_platform == 'linux') or (platform_machine == 'AMD64' and sys_platform == 'win32')" },
]
nvtx = [
    { name = "nvidia-nvtx", marker = "(platform_machine == 'aarch64' and sys_platform == 'linux') or (platform_machine == 'x86_64' and sys_platform == 'linux') or (platform_machine == 'AMD64' and sys_platform == 'win32')" },
]

[[package]]
name = "cunibs"
version = "0.1.0"
source = { editable = "." }
dependencies = [
    { name = "cuda-toolkit", extra = ["cublas", "cudart", "cusolver", "cusparse"] },
]

[package.dev-dependencies]
build = [
    { name = "cuda-toolkit", extra = ["cccl", "cublas", "curand", "cusolver", "cusparse", "nvcc", "nvtx"] },
    { name = "nanobind" },
    { name = "scikit-build-core" },
]

[package.metadata]
requires-dist = [{ name = "cuda-toolkit", extras = ["cudart", "cublas", "cusparse", "cusolver"], specifier = ">=13.2" }]

[package.metadata.requires-dev]
build = [
    { name = "cuda-toolkit", extras = ["nvcc", "cccl", "cublas", "cusparse", "cusolver", "nvtx", "curand"], specifier = "==13.2.*" },
    { name = "nanobind", specifier = ">=2.13.0" },
    { name = "scikit-build-core", specifier = ">=0.12" },
]

[[package]]
name = "nanobind"
version = "2.13.0"
source = { registry = "https://pypi.org/simple" }
sdist = { url = "https://files.pythonhosted.org/packages/07/e5/a6fc2f024eaef17c68b94b5f8f56098d31859a7840a11a3dd45da2d3908a/nanobind-2.13.0.tar.gz", hash = "sha256:c7b04d6a6a4cd57985571e605539399b51331ae455d7fce576a5e2fcb89b1dcf", size = 1052101, upload-time = "2026-06-18T06:03:49.491Z" }
wheels = [
    { url = "https://files.pythonhosted.org/packages/39/8d/cec69a0a804711fd89f47fad92cd2a438a1ceaafd9dabaf3b8b403b5cbba/nanobind-2.13.0-py3-none-any.whl", hash = "sha256:9268d7201eaf5519ae61b7a83175f2af77088cb4b99dd3ce5b00550f697da7b7", size = 269387, upload-time = "2026-06-18T06:03:47.508Z" },
]

[[package]]
name = "nvidia-cublas"
version = "13.4.0.1"
source = { registry = "https://pypi.org/simple" }
dependencies = [
    { name = "nvidia-cuda-nvrtc" },
]
wheels = [
    { url = "https://files.pythonhosted.org/packages/d0/48/8571e55aaabbd112f06a39a71fbc3abf0b8a0d450921816a13a6d5e8fa0b/nvidia_cublas-13.4.0.1-py3-none-manylinux_2_27_aarch64.whl", hash = "sha256:705d7d214fbb20f134415ecadc488abf74f444c155a6555dec5687404afb18a9", size = 513051304, upload-time = "2026-04-13T09:49:32.758Z" },
    { url = "https://files.pythonhosted.org/packages/3d/ec/c9b2998aebe3149dee2769e501257e048c8701de51263925f4dff76ddedc/nvidia_cublas-13.4.0.1-py3-none-manylinux_2_27_x86_64.whl", hash = "sha256:53bf22e2ccbf644db74b6cc21cea7f5efb1a52aa64515438b430abbd05af4106", size = 404872465, upload-time = "2026-04-13T09:50:12.116Z" },
    { url = "https://files.pythonhosted.org/packages/d6/97/a7ac03495c1ca3c250f12f094dec46e945e38c06f24f3b11c168894a37d1/nvidia_cublas-13.4.0.1-py3-none-win_amd64.whl", hash = "sha256:37a142e2643c928f498f12f4f61c2ecd1c6c6c9608e16f6a4d45ec8d5d057733", size = 388919782, upload-time = "2026-04-13T10:09:36.942Z" },
]

[[package]]
name = "nvidia-cuda-cccl"
version = "13.2.75"
source = { registry = "https://pypi.org/simple" }
wheels = [
    { url = "https://files.pythonhosted.org/packages/45/a4/15fbcc9f3dd481a37321bee6610388435611399853ac0f235220a8136377/nvidia_cuda_cccl-13.2.75-py3-none-manylinux2014_aarch64.manylinux_2_17_aarch64.whl", hash = "sha256:d3b4129c84a8b94ac09fc3042c98c71bd0821e140f0ae213b319a9a86506d781", size = 3652758, upload-time = "2026-04-13T09:36:16.648Z" },
    { url = "https://files.pythonhosted.org/packages/92/87/d23db8276b76b4a7e4a702eebdc0a70e3b56c17b4dcd980ecb0f68b022e1/nvidia_cuda_cccl-13.2.75-py3-none-manylinux2014_x86_64.manylinux_2_17_x86_64.whl", hash = "sha256:11a2b1948e8709805a0ccf04441baf5279a9219c13eb11dc13d57bb023151768", size = 3600170, upload-time = "2026-04-13T09:36:35.192Z" },
    { url = "https://files.pythonhosted.org/packages/40/f0/24c99c6867679a46b78aa9dfff649c04bf3f0a74aef4652c1ed1cdbf960b/nvidia_cuda_cccl-13.2.75-py3-none-win_amd64.whl", hash = "sha256:5d17f254bb0151b196a116301c1716395903d714c7e871cd8791b998b6a77c63", size = 3523477, upload-time = "2026-04-13T10:03:27.098Z" },
]

[[package]]
name = "nvidia-cuda-crt"
version = "13.2.78"
source = { registry = "https://pypi.org/simple" }
wheels = [
    { url = "https://files.pythonhosted.org/packages/85/8a/3954a429bbe1dea60c7e3fa4a0cf6a4fdb7df295b2cfb49a77a73bcd3ca4/nvidia_cuda_crt-13.2.78-py3-none-manylinux2014_aarch64.manylinux_2_17_aarch64.whl", hash = "sha256:3f5f1d7bf8a89e98f19f45a2f18bb5df99a806433bfb6f0bc487d9e8f4b3677b", size = 133298, upload-time = "2026-04-13T09:37:06.368Z" },
    { url = "https://files.pythonhosted.org/packages/ea/78/501eee5cce9202fba2f3476529e296a7f6d003261d80b52ab0abfa09ddd6/nvidia_cuda_crt-13.2.78-py3-none-manylinux2014_x86_64.manylinux_2_17_x86_64.whl", hash = "sha256:2c8615ee30ed466cb6298ecb8ffe9e6ea8b252ca833206152d155750bf831608", size = 133301, upload-time = "2026-04-13T09:37:36.922Z" },
    { url = "https://files.pythonhosted.org/packages/b7/5a/2f01037f080c72ba9eed048fc5a041336e017dc49d551e7a1563b041e246/nvidia_cuda_crt-13.2.78-py3-none-win_amd64.whl", hash = "sha256:6a5ac267680aecbec0405884c81b12db48f9baadfa67a62f230ab2f47f6ccaf1", size = 134064, upload-time = "2026-04-13T10:03:45.81Z" },
]

[[package]]
name = "nvidia-cuda-nvcc"
version = "13.2.78"
source = { registry = "https://pypi.org/simple" }
dependencies = [
    { name = "nvidia-cuda-crt" },
    { name = "nvidia-cuda-runtime" },
    { name = "nvidia-nvvm" },
]
wheels = [
    { url = "https://files.pythonhosted.org/packages/ec/df/faf551572ae1359290afa5cb05d2c4b7e6674b07b8283b20eab4dbad15f6/nvidia_cuda_nvcc-13.2.78-py3-none-manylinux2014_aarch64.manylinux_2_17_aarch64.whl", hash = "sha256:dfc76950c775cd00ce588f15192f08c9b858c0dcfa7da685acf39a3d0d8f588b", size = 38713559, upload-time = "2026-04-13T09:42:17.478Z" },
    { url = "https://files.pythonhosted.org/packages/65/0f/c7c7d538c61794130e759ad74710ab5aa8cab1f700ee1754381f8c665605/nvidia_cuda_nvcc-13.2.78-py3-none-manylinux2014_x86_64.manylinux_2_17_x86_64.whl", hash = "sha256:c3bd144dd9b6b25e062589acb7bbd43d93d3120c72fad71da808f9817aba1239", size = 44040318, upload-time = "2026-04-13T09:42:50.457Z" },
    { url = "https://files.pythonhosted.org/packages/aa/f1/533329b960fad3d800a50e89f43a2e1b8dade07457ce340d4f0858203dcc/nvidia_cuda_nvcc-13.2.78-py3-none-win_amd64.whl", hash = "sha256:6bc1047a44ff0751b0506cb6d8c7565edb0d3ff71f69d562333c9d1c540dcfd1", size = 32002789, upload-time = "2026-04-13T10:05:40.376Z" },
]

[[package]]
name = "nvidia-cuda-nvrtc"
version = "13.2.78"
source = { registry = "https://pypi.org/simple" }
wheels = [
    { url = "https://files.pythonhosted.org/packages/5f/96/237b40b171e06eb65905375c4ad5c96f78c2f861ac6e8ae7f650d95e1dfd/nvidia_cuda_nvrtc-13.2.78-py3-none-manylinux2010_x86_64.manylinux_2_12_x86_64.whl", hash = "sha256:a9049031da08cbedd0c20e3470e5a978dc330af0e0326b3b05774718c665dc3e", size = 47019062, upload-time = "2026-04-13T09:45:33.875Z" },
    { url = "https://files.pythonhosted.org/packages/af/be/8476aa006686fb264d61de43e0408a8dbd001003a702574759b25e645587/nvidia_cuda_nvrtc-13.2.78-py3-none-manylinux2014_aarch64.manylinux_2_17_aarch64.whl", hash = "sha256:a50367a7e2a0bd00fb27e5648179149cc7a60e7c7811740a5ff559f06234526d", size = 44754755, upload-time = "2026-04-13T09:44:58.919Z" },
    { url = "https://files.pythonhosted.org/packages/48/35/41b84ff9b4a9acc42590be44e69f32fc867a57d7018e87c532019d627f17/nvidia_cuda_nvrtc-13.2.78-py3-none-win_amd64.whl", hash = "sha256:46aff2df5615c408f23fb968a75e5641060f89fa611a85af51a387dff9bf375b", size = 40817783, upload-time = "2026-04-13T10:06:31.711Z" },
]

[[package]]
name = "nvidia-cuda-runtime"
version = "13.2.75"
source = { registry = "https://pypi.org/simple" }
wheels = [
    { url = "https://files.pythonhosted.org/packages/f1/40/56a70b5a4e0a2881a1b7c172fea8025ab6b3cfb2de61c743fb7974d1ded4/nvidia_cuda_runtime-13.2.75-py3-none-manylinux2014_aarch64.manylinux_2_17_aarch64.whl", hash = "sha256:36e539e8deb01568025830c1454216c26ef4b4529507220b1d8ef739bf5c6439", size = 2339755, upload-time = "2026-04-13T09:37:53.791Z" },
    { url = "https://files.pythonhosted.org/packages/dc/74/f1493b0774c6eaf0234512bb650e1ab90ce8f61fecf0b4aaf1fb416f571e/nvidia_cuda_runtime-13.2.75-py3-none-manylinux2014_x86_64.manylinux_2_17_x86_64.whl", hash = "sha256:72bf454902da594e0b833cadeddc8b7100ce1c7cf7ed9023943931be1aa913b7", size = 2321965, upload-time = "2026-04-13T09:38:26.359Z" },
    { url = "https://files.pythonhosted.org/packages/ea/ea/efd56431c409f292739b0f69ceae9f1469599e9e228706b4f1fad45a32ba/nvidia_cuda_runtime-13.2.75-py3-none-win_amd64.whl", hash = "sha256:16a2ff1b786d52c7b4d4439c7f5fc05cf9e086071f51efd5163989dee65bd4ea", size = 3154350, upload-time = "2026-04-13T10:04:17.355Z" },
]

[[package]]
name = "nvidia-curand"
version = "10.4.2.55"
source = { registry = "https://pypi.org/simple" }
wheels = [
    { url = "https://files.pythonhosted.org/packages/ee/7c/7c2042b5badc251236bc1f23627d5554cf2ecff37e92ea0a9d39dfc20a61/nvidia_curand-10.4.2.55-py3-none-manylinux_2_27_aarch64.whl", hash = "sha256:342e40ddcaedc92aedc72839e0c10064096fceea2f1d0eb57951f86d2901f8c0", size = 62372157, upload-time = "2026-04-13T09:53:32.34Z" },
    { url = "https://files.pythonhosted.org/packages/f4/bc/f02a1d180d288e49b1a4548698b59755e9c485ee39c041fdeaf4d2cc2117/nvidia_curand-10.4.2.55-py3-none-manylinux_2_27_x86_64.whl", hash = "sha256:b4080cab49d4939f8e46b2c195c76c698d2289835c36ede558836daa40000e70", size = 59920450, upload-time = "2026-04-13T09:54:07.224Z" },
    { url = "https://files.pythonhosted.org/packages/b7/72/9301996f4d54bd770001e05fa182be1ef5c81deccd98980b296d3b2fb659/nvidia_curand-10.4.2.55-py3-none-win_amd64.whl", hash = "sha256:ce09678a852f4c224738abc56ea196bf981bb0db25b720438bd8416c5d52f056", size = 55508324, upload-time = "2026-04-13T10:10:46.673Z" },
]

[[package]]
name = "nvidia-cusolver"
version = "12.2.0.1"
source = { registry = "https://pypi.org/simple" }
dependencies = [
    { name = "nvidia-cublas" },
    { name = "nvidia-cusparse" },
    { name = "nvidia-nvjitlink" },
]
wheels = [
    { url = "https://files.pythonhosted.org/packages/94/21/21e5c491a8285a6ed039cbb8c60ec13ff3aff60c669e1caa4adaeb71f997/nvidia_cusolver-12.2.0.1-py3-none-manylinux_2_27_aarch64.whl", hash = "sha256:c9def09fcf300b9465cdf800142abf10149df28c4290bdf9e7b4a700480d31d7", size = 249744985, upload-time = "2026-04-13T09:54:33.757Z" },
    { url = "https://files.pythonhosted.org/packages/6b/97/a3c41eac54c89f6aac788d2b3ccd6642b32aa6b79650af3dedb8ee7c2bfa/nvidia_cusolver-12.2.0.1-py3-none-manylinux_2_27_x86_64.whl", hash = "sha256:4693ea3c2a5d20369da7b5a4970a41df9b40f1b6f2ef9909c95f7c8c8c5ffb4d", size = 227391570, upload-time = "2026-04-13T09:55:12.999Z" },
    { url = "https://files.pythonhosted.org/packages/ee/60/4d8cd064a29e53f6df1e1f22791d46457063191fbe4267caf1f5d58f70d6/nvidia_cusolver-12.2.0.1-py3-none-win_amd64.whl", hash = "sha256:0776a83624e39a277cb26cc064164a70b7e89a594fb950bf0771be20c8eb8172", size = 217210178, upload-time = "2026-04-13T10:11:25.025Z" },
]

[[package]]
name = "nvidia-cusparse"
version = "12.7.10.1"
source = { registry = "https://pypi.org/simple" }
dependencies = [
    { name = "nvidia-nvjitlink" },
]
wheels = [
    { url = "https://files.pythonhosted.org/packages/b5/09/9f1fa88dd305e838b71f2ca4e50064e7cbdf2e15cd6410d9e1b74066cc41/nvidia_cusparse-12.7.10.1-py3-none-manylinux2014_aarch64.manylinux_2_17_aarch64.whl", hash = "sha256:80cc98b38fdcf054a80bd9782fe2e63c66f90e202cac269f641357ccac5fe7e3", size = 168860233, upload-time = "2026-04-13T09:55:48.891Z" },
    { url = "https://files.pythonhosted.org/packages/b7/bd/bad43b37bcf13167637bef26399693d517b95092d742e8749eda5f4a85f3/nvidia_cusparse-12.7.10.1-py3-none-manylinux2014_x86_64.manylinux_2_17_x86_64.whl", hash = "sha256:f0d110640aa63e7182fa787cc245afa07c5fb84ac30f1c4029e4fa3012353172", size = 150855566, upload-time = "2026-04-13T09:56:29.21Z" },
    { url = "https://files.pythonhosted.org/packages/4c/ca/7b910f56e02a251df7ed59f8f5f628da7ffd2422bc3e43c292980b1578ec/nvidia_cusparse-12.7.10.1-py3-none-win_amd64.whl", hash = "sha256:8786474c768d147e9969d3fac96b46399eb5f397c57a2ad57c1d4cdc4bb59f65", size = 149165663, upload-time = "2026-04-13T10:12:04.286Z" },
]

[[package]]
name = "nvidia-nvjitlink"
version = "13.3.33"
source = { registry = "https://pypi.org/simple" }
wheels = [
    { url = "https://files.pythonhosted.org/packages/f0/ee/580ca6f29dcab0221db8706badca1bbbb084f1975c4d4e83329c3a7e31f0/nvidia_nvjitlink-13.3.33-py3-none-manylinux2010_x86_64.manylinux_2_12_x86_64.whl", hash = "sha256:26a6de7fb4c8fdaa7703d3dad720d6d427ddfea5c48a528fd97c11733ad830e5", size = 40742423, upload-time = "2026-05-26T16:54:51.613Z" },
    { url = "https://files.pythonhosted.org/packages/69/30/45414e35ff2eee7db3da037e5707037ccf9d2b5218ffbdb055ea4d5aa98a/nvidia_nvjitlink-13.3.33-py3-none-manylinux2014_aarch64.manylinux_2_17_aarch64.whl", hash = "sha256:ce48b37dfeb3cb1eae4cf85adacb47d7a6539ea2272870c9a3628ce275c2037e", size = 39168635, upload-time = "2026-05-26T16:54:13.906Z" },
    { url = "https://files.pythonhosted.org/packages/67/f2/ec9c05a108095828dfc58840978c627b3c313fdf2a567c6de9ffbbb46901/nvidia_nvjitlink-13.3.33-py3-none-win_amd64.whl", hash = "sha256:4297ee49639b4f2e07255a1d69b3acc7ab2d011bb892b403e91ac98368962e3b", size = 37766359, upload-time = "2026-05-26T17:11:28.96Z" },
]

[[package]]
name = "nvidia-nvtx"
version = "13.2.75"
source = { registry = "https://pypi.org/simple" }
wheels = [
    { url = "https://files.pythonhosted.org/packages/b0/cc/314eac684677dced22b913b5d1b3d03adcbe59d6c7332c5d04f864cdb079/nvidia_nvtx-13.2.75-py3-none-manylinux1_x86_64.manylinux_2_5_x86_64.whl", hash = "sha256:2d7c24fc582d841493c6dc2cf017c25e4428cf583a3bd9e9325a65f0ecc65f73", size = 153460, upload-time = "2026-04-13T09:46:23.256Z" },
    { url = "https://files.pythonhosted.org/packages/6a/48/c02f2aa1662edaddac87e0501142a65765af8010a788b087d920a9f80fb7/nvidia_nvtx-13.2.75-py3-none-manylinux2014_aarch64.manylinux_2_17_aarch64.whl", hash = "sha256:d8e1c4a14a21d6dd4bc2fc59eb1e3f42447db40edf5d0f580c0eba5f9abb606c", size = 154291, upload-time = "2026-04-13T09:45:53.009Z" },
    { url = "https://files.pythonhosted.org/packages/30/38/6aad46328210858348cb8b90729a223037cb0cd6681657e92d95d016d536/nvidia_nvtx-13.2.75-py3-none-win_amd64.whl", hash = "sha256:b0a85fe36c3e9d56225fc30297577535a5a35f19545c8073926fe89807617e52", size = 142534, upload-time = "2026-04-13T10:07:03.941Z" },
]

[[package]]
name = "nvidia-nvvm"
version = "13.2.78"
source = { registry = "https://pypi.org/simple" }
wheels = [
    { url = "https://files.pythonhosted.org/packages/e8/1f/930d63ccc8adcdf27bfc051a24e3e4da2cf6ef987848d6d1d642e29d704b/nvidia_nvvm-13.2.78-py3-none-manylinux2010_x86_64.manylinux_2_12_x86_64.whl", hash = "sha256:f5aa433631109bbdec81802c5b5f319bf10bc891fe2f212e4e445845211d6f77", size = 64279462, upload-time = "2026-04-13T10:02:25.719Z" },
    { url = "https://files.pythonhosted.org/packages/8b/fd/db44b7a662a6af75a9a0683ca4580c855a3f5fcfdf1261b0ddb9fce0ee26/nvidia_nvvm-13.2.78-py3-none-manylinux2014_aarch64.manylinux_2_17_aarch64.whl", hash = "sha256:88075f87a361a1dce95c799cabc028f7093af616a5702dcfb74eba4045dbbd5f", size = 61886055, upload-time = "2026-04-13T10:02:00.345Z" },
    { url = "https://files.pythonhosted.org/packages/35/b9/c3862fd1073326c61233f05e816c17a28ab86a361db1b7561c7f33ac3af4/nvidia_nvvm-13.2.78-py3-none-win_amd64.whl", hash = "sha256:cf8e91654e74285e9c574b3a45b92928c0a6d135928906cf11ce470bbec6a8ec", size = 56752219, upload-time = "2026-04-13T10:15:11.102Z" },
]

[[package]]
name = "packaging"
version = "26.2"
source = { registry = "https://pypi.org/simple" }
sdist = { url = "https://files.pythonhosted.org/packages/d7/f1/e7a6dd94a8d4a5626c03e4e99c87f241ba9e350cd9e6d75123f992427270/packaging-26.2.tar.gz", hash = "sha256:ff452ff5a3e828ce110190feff1178bb1f2ea2281fa2075aadb987c2fb221661", size = 228134, upload-time = "2026-04-24T20:15:23.917Z" }
wheels = [
    { url = "https://files.pythonhosted.org/packages/df/b2/87e62e8c3e2f4b32e5fe99e0b86d576da1312593b39f47d8ceef365e95ed/packaging-26.2-py3-none-any.whl", hash = "sha256:5fc45236b9446107ff2415ce77c807cee2862cb6fac22b8a73826d0693b0980e", size = 100195, upload-time = "2026-04-24T20:15:22.081Z" },
]

[[package]]
name = "pathspec"
version = "1.1.1"
source = { registry = "https://pypi.org/simple" }
sdist = { url = "https://files.pythonhosted.org/packages/5a/82/42f767fc1c1143d6fd36efb827202a2d997a375e160a71eb2888a925aac1/pathspec-1.1.1.tar.gz", hash = "sha256:17db5ecd524104a120e173814c90367a96a98d07c45b2e10c2f3919fff91bf5a", size = 135180, upload-time = "2026-04-27T01:46:08.907Z" }
wheels = [
    { url = "https://files.pythonhosted.org/packages/f1/d9/7fb5aa316bc299258e68c73ba3bddbc499654a07f151cba08f6153988714/pathspec-1.1.1-py3-none-any.whl", hash = "sha256:a00ce642f577bf7f473932318056212bc4f8bfdf53128c78bbd5af0b9b20b189", size = 57328, upload-time = "2026-04-27T01:46:07.06Z" },
]

[[package]]
name = "scikit-build-core"
version = "0.12.2"
source = { registry = "https://pypi.org/simple" }
dependencies = [
    { name = "packaging" },
    { name = "pathspec" },
]
sdist = { url = "https://files.pythonhosted.org/packages/28/cd/9ebb50029b6d8a3ee9e38cdce514ebd70190ec1edf28ab0a1f66d0b84670/scikit_build_core-0.12.2.tar.gz", hash = "sha256:562e0bbc9de1a354c87825ccf732080268d6582a0200f648e8c4a2dcb1e3736d", size = 303553, upload-time = "2026-03-05T18:25:57.666Z" }
wheels = [
    { url = "https://files.pythonhosted.org/packages/07/49/b2f0fbe3165d55c02e7f9eec6a10685d518af0ef6e919ff2f589c2d15c85/scikit_build_core-0.12.2-py3-none-any.whl", hash = "sha256:6ea4730da400f9a998ec3287bd3ebc1d751fe45ad0a93451bead8618adbc02b1", size = 192625, upload-time = "2026-03-05T18:25:56.207Z" },
]
